// !$*UTF8*$!
{
	archiveVersion = 1;
	classes = {
	};
	objectVersion = 77;
	objects = {

/* Begin PBXBuildFile section */
		3C954F0D2E0AA2610006EB8F /* BinaryParsing in Frameworks */ = {isa = PBXBuildFile; productRef = 3C954F0C2E0AA2610006EB8F /* BinaryParsing */; };
/* End PBXBuildFile section */

/* Begin PBXContainerItemProxy section */
		3C954EC42E0A8E170006EB8F /* PBXContainerItemProxy */ = {
			isa = PBXContainerItemProxy;
			containerPortal = 3C954EAE2E0A8E160006EB8F /* Project object */;
			proxyType = 1;
			remoteGlobalIDString = 3C954EB52E0A8E160006EB8F;
			remoteInfo = Sniff;
		};
		3C954ECE2E0A8E170006EB8F /* PBXContainerItemProxy */ = {
			isa = PBXContainerItemProxy;
			containerPortal = 3C954EAE2E0A8E160006EB8F /* Project object */;
			proxyType = 1;
			remoteGlobalIDString = 3C954EB52E0A8E160006EB8F;
			remoteInfo = Sniff;
		};
/* End PBXContainerItemProxy section */

/* Begin PBXFileReference section */
		3C954EB62E0A8E160006EB8F /* Sniff.app */ = {isa = PBXFileReference; explicitFileType = wrapper.application; includeInIndex = 0; path = Sniff.app; sourceTree = BUILT_PRODUCTS_DIR; };
		3C954EC32E0A8E170006EB8F /* SniffTests.xctest */ = {isa = PBXFileReference; explicitFileType = wrapper.cfbundle; includeInIndex = 0; path = SniffTests.xctest; sourceTree = BUILT_PRODUCTS_DIR; };
		3C954ECD2E0A8E170006EB8F /* SniffUITests.xctest */ = {isa = PBXFileReference; explicitFileType = wrapper.cfbundle; includeInIndex = 0; path = SniffUITests.xctest; sourceTree = BUILT_PRODUCTS_DIR; };
/* End PBXFileReference section */

/* Begin PBXFileSystemSynchronizedRootGroup section */
		3C954EC62E0A8E170006EB8F /* SniffTests */ = {
			isa = PBXFileSystemSynchronizedRootGroup;
			path = SniffTests;
			sourceTree = "<group>";
		};
		3C954ED02E0A8E170006EB8F /* SniffUITests */ = {
			isa = PBXFileSystemSynchronizedRootGroup;
			path = SniffUITests;
			sourceTree = "<group>";
		};
		3C954F352E0AC91C0006EB8F /* Sniff */ = {
			isa = PBXFileSystemSynchronizedRootGroup;
			path = Sniff;
			sourceTree = "<group>";
		};
/* End PBXFileSystemSynchronizedRootGroup section */

/* Begin PBXFrameworksBuildPhase section */
		3C954EB32E0A8E160006EB8F /* Frameworks */ = {
			isa = PBXFrameworksBuildPhase;
			buildActionMask = 2147483647;
			files = (
				3C954F0D2E0AA2610006EB8F /* BinaryParsing in Frameworks */,
			);
			runOnlyForDeploymentPostprocessing = 0;
		};
		3C954EC02E0A8E170006EB8F /* Frameworks */ = {
			isa = PBXFrameworksBuildPhase;
			buildActionMask = 2147483647;
			files = (
			);
			runOnlyForDeploymentPostprocessing = 0;
		};
		3C954ECA2E0A8E170006EB8F /* Frameworks */ = {
			isa = PBXFrameworksBuildPhase;
			buildActionMask = 2147483647;
			files = (
			);
			runOnlyForDeploymentPostprocessing = 0;
		};
/* End PBXFrameworksBuildPhase section */

/* Begin PBXGroup section */
		3C954EAD2E0A8E160006EB8F = {
			isa = PBXGroup;
			children = (
				3C954F352E0AC91C0006EB8F /* Sniff */,
				3C954EC62E0A8E170006EB8F /* SniffTests */,
				3C954ED02E0A8E170006EB8F /* SniffUITests */,
				3C954EB72E0A8E160006EB8F /* Products */,
			);
			sourceTree = "<group>";
		};
		3C954EB72E0A8E160006EB8F /* Products */ = {
			isa = PBXGroup;
			children = (
				3C954EB62E0A8E160006EB8F /* Sniff.app */,
				3C954EC32E0A8E170006EB8F /* SniffTests.xctest */,
				3C954ECD2E0A8E170006EB8F /* SniffUITests.xctest */,
			);
			name = Products;
			sourceTree = "<group>";
		};
/* End PBXGroup section */

/* Begin PBXNativeTarget section */
		3C954EB52E0A8E160006EB8F /* Sniff */ = {
			isa = PBXNativeTarget;
			buildConfigurationList = 3C954ED72E0A8E170006EB8F /* Build configuration list for PBXNativeTarget "Sniff" */;
			buildPhases = (
				3C954EB22E0A8E160006EB8F /* Sources */,
				3C954EB32E0A8E160006EB8F /* Frameworks */,
				3C954EB42E0A8E160006EB8F /* Resources */,
			);
			buildRules = (
			);
			dependencies = (
			);
			fileSystemSynchronizedGroups = (
				3C954F352E0AC91C0006EB8F /* Sniff */,
			);
			name = Sniff;
			packageProductDependencies = (
				3C954F0C2E0AA2610006EB8F /* BinaryParsing */,
			);
			productName = Sniff;
			productReference = 3C954EB62E0A8E160006EB8F /* Sniff.app */;
			productType = "com.apple.product-type.application";
		};
		3C954EC22E0A8E170006EB8F /* SniffTests */ = {
			isa = PBXNativeTarget;
			buildConfigurationList = 3C954EDA2E0A8E170006EB8F /* Build configuration list for PBXNativeTarget "SniffTests" */;
			buildPhases = (
				3C954EBF2E0A8E170006EB8F /* Sources */,
				3C954EC02E0A8E170006EB8F /* Frameworks */,
				3C954EC12E0A8E170006EB8F /* Resources */,
			);
			buildRules = (
			);
			dependencies = (
				3C954EC52E0A8E170006EB8F /* PBXTargetDependency */,
			);
			fileSystemSynchronizedGroups = (
				3C954EC62E0A8E170006EB8F /* SniffTests */,
			);
			name = SniffTests;
			packageProductDependencies = (
			);
			productName = SniffTests;
			productReference = 3C954EC32E0A8E170006EB8F /* SniffTests.xctest */;
			productType = "com.apple.product-type.bundle.unit-test";
		};
		3C954ECC2E0A8E170006EB8F /* SniffUITests */ = {
			isa = PBXNativeTarget;
			buildConfigurationList = 3C954EDD2E0A8E170006EB8F /* Build configuration list for PBXNativeTarget "SniffUITests" */;
			buildPhases = (
				3C954EC92E0A8E170006EB8F /* Sources */,
				3C954ECA2E0A8E170006EB8F /* Frameworks */,
				3C954ECB2E0A8E170006EB8F /* Resources */,
			);
			buildRules = (
			);
			dependencies = (
				3C954ECF2E0A8E170006EB8F /* PBXTargetDependency */,
			);
			fileSystemSynchronizedGroups = (
				3C954ED02E0A8E170006EB8F /* SniffUITests */,
			);
			name = SniffUITests;
			packageProductDependencies = (
			);
			productName = SniffUITests;
			productReference = 3C954ECD2E0A8E170006EB8F /* SniffUITests.xctest */;
			productType = "com.apple.product-type.bundle.ui-testing";
		};
/* End PBXNativeTarget section */

/* Begin PBXProject section */
		3C954EAE2E0A8E160006EB8F /* Project object */ = {
			isa = PBXProject;
			attributes = {
				BuildIndependentTargetsInParallel = 1;
				LastSwiftUpdateCheck = 2600;
				LastUpgradeCheck = 2600;
				TargetAttributes = {
					3C954EB52E0A8E160006EB8F = {
						CreatedOnToolsVersion = 26.0;
					};
					3C954EC22E0A8E170006EB8F = {
						CreatedOnToolsVersion = 26.0;
						TestTargetID = 3C954EB52E0A8E160006EB8F;
					};
					3C954ECC2E0A8E170006EB8F = {
						CreatedOnToolsVersion = 26.0;
						TestTargetID = 3C954EB52E0A8E160006EB8F;
					};
				};
			};
			buildConfigurationList = 3C954EB12E0A8E160006EB8F /* Build configuration list for PBXProject "Sniff" */;
			developmentRegion = en;
			hasScannedForEncodings = 0;
			knownRegions = (
				en,
				Base,
			);
			mainGroup = 3C954EAD2E0A8E160006EB8F;
			minimizedProjectReferenceProxies = 1;
			packageReferences = (
				3C954F0B2E0AA2610006EB8F /* XCRemoteSwiftPackageReference "swift-binary-parsing" */,
			);
			preferredProjectObjectVersion = 77;
			productRefGroup = 3C954EB72E0A8E160006EB8F /* Products */;
			projectDirPath = "";
			projectRoot = "";
			targets = (
				3C954EB52E0A8E160006EB8F /* Sniff */,
				3C954EC22E0A8E170006EB8F /* SniffTests */,
				3C954ECC2E0A8E170006EB8F /* SniffUITests */,
			);
		};
/* End PBXProject section */

/* Begin PBXResourcesBuildPhase section */
		3C954EB42E0A8E160006EB8F /* Resources */ = {
			isa = PBXResourcesBuildPhase;
			buildActionMask = 2147483647;
			files = (
			);
			runOnlyForDeploymentPostprocessing = 0;
		};
		3C954EC12E0A8E170006EB8F /* Resources */ = {
			isa = PBXResourcesBuildPhase;
			buildActionMask = 2147483647;
			files = (
			);
			runOnlyForDeploymentPostprocessing = 0;
		};
		3C954ECB2E0A8E170006EB8F /* Resources */ = {
			isa = PBXResourcesBuildPhase;
			buildActionMask = 2147483647;
			files = (
			);
			runOnlyForDeploymentPostprocessing = 0;
		};
/* End PBXResourcesBuildPhase section */

/* Begin PBXSourcesBuildPhase section */
		3C954EB22E0A8E160006EB8F /* Sources */ = {
			isa = PBXSourcesBuildPhase;
			buildActionMask = 2147483647;
			files = (
			);
			runOnlyForDeploymentPostprocessing = 0;
		};
		3C954EBF2E0A8E170006EB8F /* Sources */ = {
			isa = PBXSourcesBuildPhase;
			buildActionMask = 2147483647;
			files = (
			);
			runOnlyForDeploymentPostprocessing = 0;
		};
		3C954EC92E0A8E170006EB8F /* Sources */ = {
			isa = PBXSourcesBuildPhase;
			buildActionMask = 2147483647;
			files = (
			);
			runOnlyForDeploymentPostprocessing = 0;
		};
/* End PBXSourcesBuildPhase section */

/* Begin PBXTargetDependency section */
		3C954EC52E0A8E170006EB8F /* PBXTargetDependency */ = {
			isa = PBXTargetDependency;
			target = 3C954EB52E0A8E160006EB8F /* Sniff */;
			targetProxy = 3C954EC42E0A8E170006EB8F /* PBXContainerItemProxy */;
		};
		3C954ECF2E0A8E170006EB8F /* PBXTargetDependency */ = {
			isa = PBXTargetDependency;
			target = 3C954EB52E0A8E160006EB8F /* Sniff */;
			targetProxy = 3C954ECE2E0A8E170006EB8F /* PBXContainerItemProxy */;
		};
/* End PBXTargetDependency section */

/* Begin XCBuildConfiguration section */
		3C954ED52E0A8E170006EB8F /* Debug */ = {
			isa = XCBuildConfiguration;
			buildSettings = {
				ALWAYS_SEARCH_USER_PATHS = NO;
				ASSETCATALOG_COMPILER_GENERATE_SWIFT_ASSET_SYMBOL_EXTENSIONS = YES;
				CLANG_ANALYZER_NONNULL = YES;
				CLANG_ANALYZER_NUMBER_OBJECT_CONVERSION = YES_AGGRESSIVE;
				CLANG_CXX_LANGUAGE_STANDARD = "gnu++20";
				CLANG_ENABLE_MODULES = YES;
				CLANG_ENABLE_OBJC_ARC = YES;
				CLANG_ENABLE_OBJC_WEAK = YES;
				CLANG_WARN_BLOCK_CAPTURE_AUTORELEASING = YES;
				CLANG_WARN_BOOL_CONVERSION = YES;
				CLANG_WARN_COMMA = YES;
				CLANG_WARN_CONSTANT_CONVERSION = YES;
				CLANG_WARN_DEPRECATED_OBJC_IMPLEMENTATIONS = YES;
				CLANG_WARN_DIRECT_OBJC_ISA_USAGE = YES_ERROR;
				CLANG_WARN_DOCUMENTATION_COMMENTS = YES;
				CLANG_WARN_EMPTY_BODY = YES;
				CLANG_WARN_ENUM_CONVERSION = YES;
				CLANG_WARN_INFINITE_RECURSION = YES;
				CLANG_WARN_INT_CONVERSION = YES;
				CLANG_WARN_NON_LITERAL_NULL_CONVERSION = YES;
				CLANG_WARN_OBJC_IMPLICIT_RETAIN_SELF = YES;
				CLANG_WARN_OBJC_LITERAL_CONVERSION = YES;
				CLANG_WARN_OBJC_ROOT_CLASS = YES_ERROR;
				CLANG_WARN_QUOTED_INCLUDE_IN_FRAMEWORK_HEADER = YES;
				CLANG_WARN_RANGE_LOOP_ANALYSIS = YES;
				CLANG_WARN_STRICT_PROTOTYPES = YES;
				CLANG_WARN_SUSPICIOUS_MOVE = YES;
				CLANG_WARN_UNGUARDED_AVAILABILITY = YES_AGGRESSIVE;
				CLANG_WARN_UNREACHABLE_CODE = YES;
				CLANG_WARN__DUPLICATE_METHOD_MATCH = YES;
				COPY_PHASE_STRIP = NO;
				DEBUG_INFORMATION_FORMAT = dwarf;
				ENABLE_STRICT_OBJC_MSGSEND = YES;
				ENABLE_TESTABILITY = YES;
				ENABLE_USER_SCRIPT_SANDBOXING = YES;
				GCC_C_LANGUAGE_STANDARD = gnu17;
				GCC_DYNAMIC_NO_PIC = NO;
				GCC_NO_COMMON_BLOCKS = YES;
				GCC_OPTIMIZATION_LEVEL = 0;
				GCC_PREPROCESSOR_DEFINITIONS = (
					"DEBUG=1",
					"$(inherited)",
				);
				GCC_WARN_64_TO_32_BIT_CONVERSION = YES;
				GCC_WARN_ABOUT_RETURN_TYPE = YES_ERROR;
				GCC_WARN_UNDECLARED_SELECTOR = YES;
				GCC_WARN_UNINITIALIZED_AUTOS = YES_AGGRESSIVE;
				GCC_WARN_UNUSED_FUNCTION = YES;
				GCC_WARN_UNUSED_VARIABLE = YES;
				LOCALIZATION_PREFERS_STRING_CATALOGS = YES;
				MACOSX_DEPLOYMENT_TARGET = 26.0;
				MTL_ENABLE_DEBUG_INFO = INCLUDE_SOURCE;
				MTL_FAST_MATH = YES;
				ONLY_ACTIVE_ARCH = YES;
				OTHER_SWIFT_FLAGS = "-enable-experimental-feature Span -enable-experimental-feature LifetimeDependence -enable-experimental-feature ValueGenerics";
				SDKROOT = macosx;
				SWIFT_ACTIVE_COMPILATION_CONDITIONS = "DEBUG $(inherited)";
				SWIFT_APPROACHABLE_CONCURRENCY = YES;
				SWIFT_DEFAULT_ACTOR_ISOLATION = nonisolated;
				SWIFT_OPTIMIZATION_LEVEL = "-Onone";
				SWIFT_VERSION = 6.0;
			};
			name = Debug;
		};
		3C954ED62E0A8E170006EB8F /* Release */ = {
			isa = XCBuildConfiguration;
			buildSettings = {
				ALWAYS_SEARCH_USER_PATHS = NO;
				ASSETCATALOG_COMPILER_GENERATE_SWIFT_ASSET_SYMBOL_EXTENSIONS = YES;
				CLANG_ANALYZER_NONNULL = YES;
				CLANG_ANALYZER_NUMBER_OBJECT_CONVERSION = YES_AGGRESSIVE;
				CLANG_CXX_LANGUAGE_STANDARD = "gnu++20";
				CLANG_ENABLE_MODULES = YES;
				CLANG_ENABLE_OBJC_ARC = YES;
				CLANG_ENABLE_OBJC_WEAK = YES;
				CLANG_WARN_BLOCK_CAPTURE_AUTORELEASING = YES;
				CLANG_WARN_BOOL_CONVERSION = YES;
				CLANG_WARN_COMMA = YES;
				CLANG_WARN_CONSTANT_CONVERSION = YES;
				CLANG_WARN_DEPRECATED_OBJC_IMPLEMENTATIONS = YES;
				CLANG_WARN_DIRECT_OBJC_ISA_USAGE = YES_ERROR;
				CLANG_WARN_DOCUMENTATION_COMMENTS = YES;
				CLANG_WARN_EMPTY_BODY = YES;
				CLANG_WARN_ENUM_CONVERSION = YES;
				CLANG_WARN_INFINITE_RECURSION = YES;
				CLANG_WARN_INT_CONVERSION = YES;
				CLANG_WARN_NON_LITERAL_NULL_CONVERSION = YES;
				CLANG_WARN_OBJC_IMPLICIT_RETAIN_SELF = YES;
				CLANG_WARN_OBJC_LITERAL_CONVERSION = YES;
				CLANG_WARN_OBJC_ROOT_CLASS = YES_ERROR;
				CLANG_WARN_QUOTED_INCLUDE_IN_FRAMEWORK_HEADER = YES;
				CLANG_WARN_RANGE_LOOP_ANALYSIS = YES;
				CLANG_WARN_STRICT_PROTOTYPES = YES;
				CLANG_WARN_SUSPICIOUS_MOVE = YES;
				CLANG_WARN_UNGUARDED_AVAILABILITY = YES_AGGRESSIVE;
				CLANG_WARN_UNREACHABLE_CODE = YES;
				CLANG_WARN__DUPLICATE_METHOD_MATCH = YES;
				COPY_PHASE_STRIP = NO;
				DEBUG_INFORMATION_FORMAT = "dwarf-with-dsym";
				ENABLE_NS_ASSERTIONS = NO;
				ENABLE_STRICT_OBJC_MSGSEND = YES;
				ENABLE_USER_SCRIPT_SANDBOXING = YES;
				GCC_C_LANGUAGE_STANDARD = gnu17;
				GCC_NO_COMMON_BLOCKS = YES;
				GCC_WARN_64_TO_32_BIT_CONVERSION = YES;
				GCC_WARN_ABOUT_RETURN_TYPE = YES_ERROR;
				GCC_WARN_UNDECLARED_SELECTOR = YES;
				GCC_WARN_UNINITIALIZED_AUTOS = YES_AGGRESSIVE;
				GCC_WARN_UNUSED_FUNCTION = YES;
				GCC_WARN_UNUSED_VARIABLE = YES;
				LOCALIZATION_PREFERS_STRING_CATALOGS = YES;
				MACOSX_DEPLOYMENT_TARGET = 26.0;
				MTL_ENABLE_DEBUG_INFO = NO;
				MTL_FAST_MATH = YES;
				OTHER_SWIFT_FLAGS = "-enable-experimental-feature Span -enable-experimental-feature LifetimeDependence -enable-experimental-feature ValueGenerics";
				SDKROOT = macosx;
				SWIFT_APPROACHABLE_CONCURRENCY = YES;
				SWIFT_COMPILATION_MODE = wholemodule;
				SWIFT_DEFAULT_ACTOR_ISOLATION = nonisolated;
				SWIFT_VERSION = 6.0;
			};
			name = Release;
		};
		3C954ED82E0A8E170006EB8F /* Debug */ = {
			isa = XCBuildConfiguration;
			buildSettings = {
				ASSETCATALOG_COMPILER_APPICON_NAME = AppIcon;
				ASSETCATALOG_COMPILER_GLOBAL_ACCENT_COLOR_NAME = AccentColor;
				CODE_SIGN_STYLE = Automatic;
				COMBINE_HIDPI_IMAGES = YES;
				CURRENT_PROJECT_VERSION = 1;
				ENABLE_APP_SANDBOX = YES;
				ENABLE_PREVIEWS = YES;
				ENABLE_USER_SELECTED_FILES = readonly;
				GENERATE_INFOPLIST_FILE = YES;
				INFOPLIST_KEY_NSHumanReadableCopyright = "";
				LD_RUNPATH_SEARCH_PATHS = (
					"$(inherited)",
					"@executable_path/../Frameworks",
				);
				MARKETING_VERSION = 1.0;
				PRODUCT_BUNDLE_IDENTIFIER = bykim.cracks.Sniff;
				PRODUCT_NAME = "$(TARGET_NAME)";
				REGISTER_APP_GROUPS = YES;
				STRING_CATALOG_GENERATE_SYMBOLS = YES;
				SWIFT_DEFAULT_ACTOR_ISOLATION = MainActor;
				SWIFT_EMIT_LOC_STRINGS = YES;
				SWIFT_UPCOMING_FEATURE_MEMBER_IMPORT_VISIBILITY = YES;
				SWIFT_VERSION = 5.0;
			};
			name = Debug;
		};
		3C954ED92E0A8E170006EB8F /* Release */ = {
			isa = XCBuildConfiguration;
			buildSettings = {
				ASSETCATALOG_COMPILER_APPICON_NAME = AppIcon;
				ASSETCATALOG_COMPILER_GLOBAL_ACCENT_COLOR_NAME = AccentColor;
				CODE_SIGN_STYLE = Automatic;
				COMBINE_HIDPI_IMAGES = YES;
				CURRENT_PROJECT_VERSION = 1;
				ENABLE_APP_SANDBOX = YES;
				ENABLE_PREVIEWS = YES;
				ENABLE_USER_SELECTED_FILES = readonly;
				GENERATE_INFOPLIST_FILE = YES;
				INFOPLIST_KEY_NSHumanReadableCopyright = "";
				LD_RUNPATH_SEARCH_PATHS = (
					"$(inherited)",
					"@executable_path/../Frameworks",
				);
				MARKETING_VERSION = 1.0;
				PRODUCT_BUNDLE_IDENTIFIER = bykim.cracks.Sniff;
				PRODUCT_NAME = "$(TARGET_NAME)";
				REGISTER_APP_GROUPS = YES;
				STRING_CATALOG_GENERATE_SYMBOLS = YES;
				SWIFT_DEFAULT_ACTOR_ISOLATION = MainActor;
				SWIFT_EMIT_LOC_STRINGS = YES;
				SWIFT_UPCOMING_FEATURE_MEMBER_IMPORT_VISIBILITY = YES;
				SWIFT_VERSION = 5.0;
			};
			name = Release;
		};
		3C954EDB2E0A8E170006EB8F /* Debug */ = {
			isa = XCBuildConfiguration;
			buildSettings = {
				BUNDLE_LOADER = "$(TEST_HOST)";
				CODE_SIGN_STYLE = Automatic;
				CURRENT_PROJECT_VERSION = 1;
				GENERATE_INFOPLIST_FILE = YES;
				MACOSX_DEPLOYMENT_TARGET = 26.0;
				MARKETING_VERSION = 1.0;
				PRODUCT_BUNDLE_IDENTIFIER = bykim.cracks.SniffTests;
				PRODUCT_NAME = "$(TARGET_NAME)";
				STRING_CATALOG_GENERATE_SYMBOLS = NO;
				SWIFT_EMIT_LOC_STRINGS = NO;
				SWIFT_UPCOMING_FEATURE_MEMBER_IMPORT_VISIBILITY = YES;
				SWIFT_VERSION = 5.0;
				TEST_HOST = "$(BUILT_PRODUCTS_DIR)/Sniff.app/$(BUNDLE_EXECUTABLE_FOLDER_PATH)/Sniff";
			};
			name = Debug;
		};
		3C954EDC2E0A8E170006EB8F /* Release */ = {
			isa = XCBuildConfiguration;
			buildSettings = {
				BUNDLE_LOADER = "$(TEST_HOST)";
				CODE_SIGN_STYLE = Automatic;
				CURRENT_PROJECT_VERSION = 1;
				GENERATE_INFOPLIST_FILE = YES;
				MACOSX_DEPLOYMENT_TARGET = 26.0;
				MARKETING_VERSION = 1.0;
				PRODUCT_BUNDLE_IDENTIFIER = bykim.cracks.SniffTests;
				PRODUCT_NAME = "$(TARGET_NAME)";
				STRING_CATALOG_GENERATE_SYMBOLS = NO;
				SWIFT_EMIT_LOC_STRINGS = NO;
				SWIFT_UPCOMING_FEATURE_MEMBER_IMPORT_VISIBILITY = YES;
				SWIFT_VERSION = 5.0;
				TEST_HOST = "$(BUILT_PRODUCTS_DIR)/Sniff.app/$(BUNDLE_EXECUTABLE_FOLDER_PATH)/Sniff";
			};
			name = Release;
		};
		3C954EDE2E0A8E170006EB8F /* Debug */ = {
			isa = XCBuildConfiguration;
			buildSettings = {
				CODE_SIGN_STYLE = Automatic;
				CURRENT_PROJECT_VERSION = 1;
				GENERATE_INFOPLIST_FILE = YES;
				MARKETING_VERSION = 1.0;
				PRODUCT_BUNDLE_IDENTIFIER = bykim.cracks.SniffUITests;
				PRODUCT_NAME = "$(TARGET_NAME)";
				STRING_CATALOG_GENERATE_SYMBOLS = NO;
				SWIFT_EMIT_LOC_STRINGS = NO;
				SWIFT_UPCOMING_FEATURE_MEMBER_IMPORT_VISIBILITY = YES;
				SWIFT_VERSION = 5.0;
				TEST_TARGET_NAME = Sniff;
			};
			name = Debug;
		};
		3C954EDF2E0A8E170006EB8F /* Release */ = {
			isa = XCBuildConfiguration;
			buildSettings = {
				CODE_SIGN_STYLE = Automatic;
				CURRENT_PROJECT_VERSION = 1;
				GENERATE_INFOPLIST_FILE = YES;
				MARKETING_VERSION = 1.0;
				PRODUCT_BUNDLE_IDENTIFIER = bykim.cracks.SniffUITests;
				PRODUCT_NAME = "$(TARGET_NAME)";
				STRING_CATALOG_GENERATE_SYMBOLS = NO;
				SWIFT_EMIT_LOC_STRINGS = NO;
				SWIFT_UPCOMING_FEATURE_MEMBER_IMPORT_VISIBILITY = YES;
				SWIFT_VERSION = 5.0;
				TEST_TARGET_NAME = Sniff;
			};
			name = Release;
		};
/* End XCBuildConfiguration section */

/* Begin XCConfigurationList section */
		3C954EB12E0A8E160006EB8F /* Build configuration list for PBXProject "Sniff" */ = {
			isa = XCConfigurationList;
			buildConfigurations = (
				3C954ED52E0A8E170006EB8F /* Debug */,
				3C954ED62E0A8E170006EB8F /* Release */,
			);
			defaultConfigurationIsVisible = 0;
			defaultConfigurationName = Release;
		};
		3C954ED72E0A8E170006EB8F /* Build configuration list for PBXNativeTarget "Sniff" */ = {
			isa = XCConfigurationList;
			buildConfigurations = (
				3C954ED82E0A8E170006EB8F /* Debug */,
				3C954ED92E0A8E170006EB8F /* Release */,
			);
			defaultConfigurationIsVisible = 0;
			defaultConfigurationName = Release;
		};
		3C954EDA2E0A8E170006EB8F /* Build configuration list for PBXNativeTarget "SniffTests" */ = {
			isa = XCConfigurationList;
			buildConfigurations = (
				3C954EDB2E0A8E170006EB8F /* Debug */,
				3C954EDC2E0A8E170006EB8F /* Release */,
			);
			defaultConfigurationIsVisible = 0;
			defaultConfigurationName = Release;
		};
		3C954EDD2E0A8E170006EB8F /* Build configuration list for PBXNativeTarget "SniffUITests" */ = {
			isa = XCConfigurationList;
			buildConfigurations = (
				3C954EDE2E0A8E170006EB8F /* Debug */,
				3C954EDF2E0A8E170006EB8F /* Release */,
			);
			defaultConfigurationIsVisible = 0;
			defaultConfigurationName = Release;
		};
/* End XCConfigurationList section */

/* Begin XCRemoteSwiftPackageReference section */
		3C954F0B2E0AA2610006EB8F /* XCRemoteSwiftPackageReference "swift-binary-parsing" */ = {
			isa = XCRemoteSwiftPackageReference;
			repositoryURL = "https://github.com/apple/swift-binary-parsing/";
			requirement = {
				branch = main;
				kind = branch;
			};
		};
/* End XCRemoteSwiftPackageReference section */

/* Begin XCSwiftPackageProductDependency section */
		3C954F0C2E0AA2610006EB8F /* BinaryParsing */ = {
			isa = XCSwiftPackageProductDependency;
			package = 3C954F0B2E0AA2610006EB8F /* XCRemoteSwiftPackageReference "swift-binary-parsing" */;
			productName = BinaryParsing;
		};
/* End XCSwiftPackageProductDependency section */
	};
	rootObject = 3C954EAE2E0A8E160006EB8F /* Project object */;
}
